
Microsoft Visual Studio Solution File, Format Version 12.00
# Visual Studio Version 17
VisualStudioVersion = 17.5.33627.172
MinimumVisualStudioVersion = 10.0.40219.1
Project("{FAE04EC0-301F-11D3-BF4B-00C04F79EFBC}") = "frmFromVector", "frmFromVector.csproj", "{5EB4A914-21EE-4BB9-9E71-94B3BF9F225C}"
EndProject
Global
	GlobalSection(SolutionConfigurationPlatforms) = preSolution
		Debug|Any CPU = Debug|Any CPU
		Release|Any CPU = Release|Any CPU
	EndGlobalSection
	GlobalSection(ProjectConfigurationPlatforms) = postSolution
		{5EB4A914-21EE-4BB9-9E71-94B3BF9F225C}.Debug|Any CPU.ActiveCfg = Debug|Any CPU
		{5EB4A914-21EE-4BB9-9E71-94B3BF9F225C}.Debug|Any CPU.Build.0 = Debug|Any CPU
		{5EB4A914-21EE-4BB9-9E71-94B3BF9F225C}.Release|Any CPU.ActiveCfg = Release|Any CPU
		{5EB4A914-21EE-4BB9-9E71-94B3BF9F225C}.Release|Any CPU.Build.0 = Release|Any CPU
	EndGlobalSection
	GlobalSection(SolutionProperties) = preSolution
		HideSolutionNode = FALSE
	EndGlobalSection
	GlobalSection(ExtensibilityGlobals) = postSolution
		SolutionGuid = {5EDCC9CB-EEE3-4CB0-9406-C25413E2C6BB}
	EndGlobalSection
EndGlobal
